
Microsoft Visual Studio Solution File, Format Version 12.00
# Visual Studio Version 17
VisualStudioVersion = 17.8.34330.188
MinimumVisualStudioVersion = 10.0.40219.1
Project("{9A19103F-16F7-4668-BE54-9A1E7A4F7556}") = "BulkyWeb", "BulkyWeb\BulkyWeb.csproj", "{276FB4DA-5804-45DA-94CA-24CF140F3E18}"
EndProject
Project("{FAE04EC0-301F-11D3-BF4B-00C04F79EFBC}") = "Bulky.DataAccess", "Bulky.DataAccess\Bulky.DataAccess.csproj", "{199DD6D5-C3D5-437C-A578-549573B0648A}"
EndProject
Project("{FAE04EC0-301F-11D3-BF4B-00C04F79EFBC}") = "Bulky.Model", "Bulky.Model\Bulky.Model.csproj", "{05DA60BB-F49E-478F-900F-4E8DE88B634B}"
EndProject
Project("{FAE04EC0-301F-11D3-BF4B-00C04F79EFBC}") = "Bulky.Utility", "Bulky.Utility\Bulky.Utility.csproj", "{96134005-7F2B-404C-92EA-DFCBA1EB3BAF}"
EndProject
Global
	GlobalSection(SolutionConfigurationPlatforms) = preSolution
		Debug|Any CPU = Debug|Any CPU
		Release|Any CPU = Release|Any CPU
	EndGlobalSection
	GlobalSection(ProjectConfigurationPlatforms) = postSolution
		{276FB4DA-5804-45DA-94CA-24CF140F3E18}.Debug|Any CPU.ActiveCfg = Debug|Any CPU
		{276FB4DA-5804-45DA-94CA-24CF140F3E18}.Debug|Any CPU.Build.0 = Debug|Any CPU
		{276FB4DA-5804-45DA-94CA-24CF140F3E18}.Release|Any CPU.ActiveCfg = Release|Any CPU
		{276FB4DA-5804-45DA-94CA-24CF140F3E18}.Release|Any CPU.Build.0 = Release|Any CPU
		{199DD6D5-C3D5-437C-A578-549573B0648A}.Debug|Any CPU.ActiveCfg = Debug|Any CPU
		{199DD6D5-C3D5-437C-A578-549573B0648A}.Debug|Any CPU.Build.0 = Debug|Any CPU
		{199DD6D5-C3D5-437C-A578-549573B0648A}.Release|Any CPU.ActiveCfg = Release|Any CPU
		{199DD6D5-C3D5-437C-A578-549573B0648A}.Release|Any CPU.Build.0 = Release|Any CPU
		{05DA60BB-F49E-478F-900F-4E8DE88B634B}.Debug|Any CPU.ActiveCfg = Debug|Any CPU
		{05DA60BB-F49E-478F-900F-4E8DE88B634B}.Debug|Any CPU.Build.0 = Debug|Any CPU
		{05DA60BB-F49E-478F-900F-4E8DE88B634B}.Release|Any CPU.ActiveCfg = Release|Any CPU
		{05DA60BB-F49E-478F-900F-4E8DE88B634B}.Release|Any CPU.Build.0 = Release|Any CPU
		{96134005-7F2B-404C-92EA-DFCBA1EB3BAF}.Debug|Any CPU.ActiveCfg = Debug|Any CPU
		{96134005-7F2B-404C-92EA-DFCBA1EB3BAF}.Debug|Any CPU.Build.0 = Debug|Any CPU
		{96134005-7F2B-404C-92EA-DFCBA1EB3BAF}.Release|Any CPU.ActiveCfg = Release|Any CPU
		{96134005-7F2B-404C-92EA-DFCBA1EB3BAF}.Release|Any CPU.Build.0 = Release|Any CPU
	EndGlobalSection
	GlobalSection(SolutionProperties) = preSolution
		HideSolutionNode = FALSE
	EndGlobalSection
	GlobalSection(ExtensibilityGlobals) = postSolution
		SolutionGuid = {8C227094-5E03-401B-BE74-EFB51584DAF9}
	EndGlobalSection
EndGlobal
